
Microsoft Visual Studio Solution File, Format Version 12.00
# Visual Studio Version 17
VisualStudioVersion = 17.5.33414.496
MinimumVisualStudioVersion = 10.0.40219.1
Project("{9A19103F-16F7-4668-BE54-9A1E7A4F7556}") = "WebApplication4", "WebApplication4\WebApplication4.csproj", "{4982AAA9-511A-49F6-A2BD-4F222F16F909}"
EndProject
Project("{9A19103F-16F7-4668-BE54-9A1E7A4F7556}") = "BLL", "BL\BLL.csproj", "{091D28D9-AD30-4078-A3B6-A011025248E6}"
EndProject
Project("{9A19103F-16F7-4668-BE54-9A1E7A4F7556}") = "DAL", "Dal\DAL.csproj", "{8311079D-6ED1-46D0-9FA3-BD4C78ACF37A}"
EndProject
Global
	GlobalSection(SolutionConfigurationPlatforms) = preSolution
		Debug|Any CPU = Debug|Any CPU
		Release|Any CPU = Release|Any CPU
	EndGlobalSection
	GlobalSection(ProjectConfigurationPlatforms) = postSolution
		{4982AAA9-511A-49F6-A2BD-4F222F16F909}.Debug|Any CPU.ActiveCfg = Debug|Any CPU
		{4982AAA9-511A-49F6-A2BD-4F222F16F909}.Debug|Any CPU.Build.0 = Debug|Any CPU
		{4982AAA9-511A-49F6-A2BD-4F222F16F909}.Release|Any CPU.ActiveCfg = Release|Any CPU
		{4982AAA9-511A-49F6-A2BD-4F222F16F909}.Release|Any CPU.Build.0 = Release|Any CPU
		{091D28D9-AD30-4078-A3B6-A011025248E6}.Debug|Any CPU.ActiveCfg = Debug|Any CPU
		{091D28D9-AD30-4078-A3B6-A011025248E6}.Debug|Any CPU.Build.0 = Debug|Any CPU
		{091D28D9-AD30-4078-A3B6-A011025248E6}.Release|Any CPU.ActiveCfg = Release|Any CPU
		{091D28D9-AD30-4078-A3B6-A011025248E6}.Release|Any CPU.Build.0 = Release|Any CPU
		{8311079D-6ED1-46D0-9FA3-BD4C78ACF37A}.Debug|Any CPU.ActiveCfg = Debug|Any CPU
		{8311079D-6ED1-46D0-9FA3-BD4C78ACF37A}.Debug|Any CPU.Build.0 = Debug|Any CPU
		{8311079D-6ED1-46D0-9FA3-BD4C78ACF37A}.Release|Any CPU.ActiveCfg = Release|Any CPU
		{8311079D-6ED1-46D0-9FA3-BD4C78ACF37A}.Release|Any CPU.Build.0 = Release|Any CPU
	EndGlobalSection
	GlobalSection(SolutionProperties) = preSolution
		HideSolutionNode = FALSE
	EndGlobalSection
	GlobalSection(ExtensibilityGlobals) = postSolution
		SolutionGuid = {EE68472B-8717-421E-9499-9A0DE3CBDEE3}
	EndGlobalSection
EndGlobal
